
Microsoft Visual Studio Solution File, Format Version 12.00
# Visual Studio 15
Project("{2150E333-8FDC-42A3-9474-1A3956D46DE8}") = "Lab", "Lab", "{C7352704-03CE-4AB1-8327-3D7167EA756C}"
EndProject
Project("{2150E333-8FDC-42A3-9474-1A3956D46DE8}") = "Exercises", "Exercises", "{C630C492-1090-4FD8-8F9F-F5F1283DB10D}"
EndProject
Project("{FAE04EC0-301F-11D3-BF4B-00C04F79EFBC}") = "01.01.CountSameValuesInArray", "Lab\01.01.CountSameValuesInArray\01.01.CountSameValuesInArray.csproj", "{4E9C5958-4D2B-440B-B211-50DDD612B537}"
EndProject
Project("{FAE04EC0-301F-11D3-BF4B-00C04F79EFBC}") = "01.02.CountSameValuesInArray", "Lab\01.02.CountSameValuesInArray\01.02.CountSameValuesInArray.csproj", "{C2C06BC9-19BB-4259-A558-BB88A9F09EC3}"
EndProject
Project("{FAE04EC0-301F-11D3-BF4B-00C04F79EFBC}") = "02.AverageStudentGrades", "Lab\02.AverageStudentGrades\02.AverageStudentGrades.csproj", "{9777698E-70C2-4715-8993-E67E6511126E}"
EndProject
Global
	GlobalSection(SolutionConfigurationPlatforms) = preSolution
		Debug|Any CPU = Debug|Any CPU
		Release|Any CPU = Release|Any CPU
	EndGlobalSection
	GlobalSection(ProjectConfigurationPlatforms) = postSolution
		{4E9C5958-4D2B-440B-B211-50DDD612B537}.Debug|Any CPU.ActiveCfg = Debug|Any CPU
		{4E9C5958-4D2B-440B-B211-50DDD612B537}.Debug|Any CPU.Build.0 = Debug|Any CPU
		{4E9C5958-4D2B-440B-B211-50DDD612B537}.Release|Any CPU.ActiveCfg = Release|Any CPU
		{4E9C5958-4D2B-440B-B211-50DDD612B537}.Release|Any CPU.Build.0 = Release|Any CPU
		{C2C06BC9-19BB-4259-A558-BB88A9F09EC3}.Debug|Any CPU.ActiveCfg = Debug|Any CPU
		{C2C06BC9-19BB-4259-A558-BB88A9F09EC3}.Debug|Any CPU.Build.0 = Debug|Any CPU
		{C2C06BC9-19BB-4259-A558-BB88A9F09EC3}.Release|Any CPU.ActiveCfg = Release|Any CPU
		{C2C06BC9-19BB-4259-A558-BB88A9F09EC3}.Release|Any CPU.Build.0 = Release|Any CPU
		{9777698E-70C2-4715-8993-E67E6511126E}.Debug|Any CPU.ActiveCfg = Debug|Any CPU
		{9777698E-70C2-4715-8993-E67E6511126E}.Debug|Any CPU.Build.0 = Debug|Any CPU
		{9777698E-70C2-4715-8993-E67E6511126E}.Release|Any CPU.ActiveCfg = Release|Any CPU
		{9777698E-70C2-4715-8993-E67E6511126E}.Release|Any CPU.Build.0 = Release|Any CPU
	EndGlobalSection
	GlobalSection(NestedProjects) = preSolution
		{4E9C5958-4D2B-440B-B211-50DDD612B537} = {C7352704-03CE-4AB1-8327-3D7167EA756C}
		{C2C06BC9-19BB-4259-A558-BB88A9F09EC3} = {C7352704-03CE-4AB1-8327-3D7167EA756C}
		{9777698E-70C2-4715-8993-E67E6511126E} = {C7352704-03CE-4AB1-8327-3D7167EA756C}
	EndGlobalSection
EndGlobal
