
Microsoft Visual Studio Solution File, Format Version 12.00
# Visual Studio 15
Project("{2150E333-8FDC-42A3-9474-1A3956D46DE8}") = "Lab", "Lab", "{08FFC4EA-69B9-4C22-8CC5-A03A788A9AC4}"
EndProject
Project("{2150E333-8FDC-42A3-9474-1A3956D46DE8}") = "Exercises", "Exercises", "{871F846E-2E0E-42B5-868A-EF7398F0C09D}"
EndProject
Project("{FAE04EC0-301F-11D3-BF4B-00C04F79EFBC}") = "01.01.ReverseStrings", "Lab\01.01.ReverseStrings\01.01.ReverseStrings.csproj", "{F85AD079-4D13-44F1-9791-919FA6670793}"
EndProject
Project("{FAE04EC0-301F-11D3-BF4B-00C04F79EFBC}") = "01.02.ReverseStrings", "Lab\01.02.ReverseStrings\01.02.ReverseStrings.csproj", "{2DBBE981-B822-44A9-BF75-88F8D94775FB}"
EndProject
Project("{FAE04EC0-301F-11D3-BF4B-00C04F79EFBC}") = "02.01.StackSum", "Lab\02.01.StackSum\02.01.StackSum.csproj", "{3D1D82EB-4E0A-48D0-8B3C-F831220E4C63}"
EndProject
Project("{FAE04EC0-301F-11D3-BF4B-00C04F79EFBC}") = "02.02.StackSum", "Lab\02.02.StackSum\02.02.StackSum.csproj", "{B0D808FF-057A-4FF2-82B4-5B44FC4288B3}"
EndProject
Project("{FAE04EC0-301F-11D3-BF4B-00C04F79EFBC}") = "03.01.SimpleCalculator", "Lab\03.01.SimpleCalculator\03.01.SimpleCalculator.csproj", "{FF9F41EF-20FD-4DDB-8834-0A5BE0514C77}"
EndProject
Project("{FAE04EC0-301F-11D3-BF4B-00C04F79EFBC}") = "03.02.SimpleCalculator", "Lab\03.02.SimpleCalculator\03.02.SimpleCalculator.csproj", "{44C32A28-DDC7-48E5-9343-2B7EC4A1AE57}"
EndProject
Project("{FAE04EC0-301F-11D3-BF4B-00C04F79EFBC}") = "04.MatchingBrackets", "Lab\04.MatchingBrackets\04.MatchingBrackets.csproj", "{56EB3ED4-EC9F-4E01-B914-208E6E737B29}"
EndProject
Project("{FAE04EC0-301F-11D3-BF4B-00C04F79EFBC}") = "05.PrintEvenNumbers", "Lab\05.PrintEvenNumbers\05.PrintEvenNumbers.csproj", "{0B304659-E88C-4DCB-9D18-81380337E2AD}"
EndProject
Project("{FAE04EC0-301F-11D3-BF4B-00C04F79EFBC}") = "06.01.Supermarket", "Lab\06.01.Supermarket\06.01.Supermarket.csproj", "{1E277794-7629-4630-9F21-B0F555CFB243}"
EndProject
Project("{FAE04EC0-301F-11D3-BF4B-00C04F79EFBC}") = "06.02.Supermarket", "Lab\06.02.Supermarket\06.02.Supermarket.csproj", "{44D28F10-A6F2-408B-AA98-CF101A5F42B9}"
EndProject
Project("{FAE04EC0-301F-11D3-BF4B-00C04F79EFBC}") = "07.01.HotPotato", "Lab\07.01.HotPotato\07.01.HotPotato.csproj", "{64C37151-AEF4-4EE3-A65F-D663E86AF07E}"
EndProject
Project("{FAE04EC0-301F-11D3-BF4B-00C04F79EFBC}") = "07.02.HotPotato", "Lab\07.02.HotPotato\07.02.HotPotato.csproj", "{647E047E-5DF0-46A6-98CB-6D3132457322}"
EndProject
Project("{FAE04EC0-301F-11D3-BF4B-00C04F79EFBC}") = "07.03.HotPotato", "Lab\07.03.HotPotato\07.03.HotPotato.csproj", "{61BA7A0E-2472-4041-97EA-247590D7142D}"
EndProject
Project("{FAE04EC0-301F-11D3-BF4B-00C04F79EFBC}") = "08.01.TrafficJam", "Lab\08.01.TrafficJam\08.01.TrafficJam.csproj", "{DC75D4E8-AC64-4A45-B195-B62EB3B2B296}"
EndProject
Project("{FAE04EC0-301F-11D3-BF4B-00C04F79EFBC}") = "08.02.TrafficJam", "Lab\08.02.TrafficJam\08.02.TrafficJam.csproj", "{D4869BC3-41B6-4AC9-92D9-6ECCCFDC48EA}"
EndProject
Project("{FAE04EC0-301F-11D3-BF4B-00C04F79EFBC}") = "08.03.TrafficJam", "Lab\08.03.TrafficJam\08.03.TrafficJam.csproj", "{7C64476C-A135-4A54-BB1E-63B2ED1BA62D}"
EndProject
Project("{FAE04EC0-301F-11D3-BF4B-00C04F79EFBC}") = "01.BasicStackOperations", "Exercises\01.BasicStackOperations\01.BasicStackOperations.csproj", "{138B9E4C-8138-4E4F-9C1C-03C40E25DD72}"
EndProject
Project("{FAE04EC0-301F-11D3-BF4B-00C04F79EFBC}") = "02.BasicQueueOperations", "Exercises\02.BasicQueueOperations\02.BasicQueueOperations.csproj", "{6DB3DBAF-5EA7-4DE5-BE8F-D8C8D0F6D65C}"
EndProject
Project("{FAE04EC0-301F-11D3-BF4B-00C04F79EFBC}") = "03.MaximumAndMinimumElement", "Exercises\03.MaximumAndMinimumElement\03.MaximumAndMinimumElement.csproj", "{2A7F017B-2F46-47BC-8F27-A07BE38BE496}"
EndProject
Global
	GlobalSection(SolutionConfigurationPlatforms) = preSolution
		Debug|Any CPU = Debug|Any CPU
		Release|Any CPU = Release|Any CPU
	EndGlobalSection
	GlobalSection(ProjectConfigurationPlatforms) = postSolution
		{F85AD079-4D13-44F1-9791-919FA6670793}.Debug|Any CPU.ActiveCfg = Debug|Any CPU
		{F85AD079-4D13-44F1-9791-919FA6670793}.Debug|Any CPU.Build.0 = Debug|Any CPU
		{F85AD079-4D13-44F1-9791-919FA6670793}.Release|Any CPU.ActiveCfg = Release|Any CPU
		{F85AD079-4D13-44F1-9791-919FA6670793}.Release|Any CPU.Build.0 = Release|Any CPU
		{2DBBE981-B822-44A9-BF75-88F8D94775FB}.Debug|Any CPU.ActiveCfg = Debug|Any CPU
		{2DBBE981-B822-44A9-BF75-88F8D94775FB}.Debug|Any CPU.Build.0 = Debug|Any CPU
		{2DBBE981-B822-44A9-BF75-88F8D94775FB}.Release|Any CPU.ActiveCfg = Release|Any CPU
		{2DBBE981-B822-44A9-BF75-88F8D94775FB}.Release|Any CPU.Build.0 = Release|Any CPU
		{3D1D82EB-4E0A-48D0-8B3C-F831220E4C63}.Debug|Any CPU.ActiveCfg = Debug|Any CPU
		{3D1D82EB-4E0A-48D0-8B3C-F831220E4C63}.Debug|Any CPU.Build.0 = Debug|Any CPU
		{3D1D82EB-4E0A-48D0-8B3C-F831220E4C63}.Release|Any CPU.ActiveCfg = Release|Any CPU
		{3D1D82EB-4E0A-48D0-8B3C-F831220E4C63}.Release|Any CPU.Build.0 = Release|Any CPU
		{B0D808FF-057A-4FF2-82B4-5B44FC4288B3}.Debug|Any CPU.ActiveCfg = Debug|Any CPU
		{B0D808FF-057A-4FF2-82B4-5B44FC4288B3}.Debug|Any CPU.Build.0 = Debug|Any CPU
		{B0D808FF-057A-4FF2-82B4-5B44FC4288B3}.Release|Any CPU.ActiveCfg = Release|Any CPU
		{B0D808FF-057A-4FF2-82B4-5B44FC4288B3}.Release|Any CPU.Build.0 = Release|Any CPU
		{FF9F41EF-20FD-4DDB-8834-0A5BE0514C77}.Debug|Any CPU.ActiveCfg = Debug|Any CPU
		{FF9F41EF-20FD-4DDB-8834-0A5BE0514C77}.Debug|Any CPU.Build.0 = Debug|Any CPU
		{FF9F41EF-20FD-4DDB-8834-0A5BE0514C77}.Release|Any CPU.ActiveCfg = Release|Any CPU
		{FF9F41EF-20FD-4DDB-8834-0A5BE0514C77}.Release|Any CPU.Build.0 = Release|Any CPU
		{44C32A28-DDC7-48E5-9343-2B7EC4A1AE57}.Debug|Any CPU.ActiveCfg = Debug|Any CPU
		{44C32A28-DDC7-48E5-9343-2B7EC4A1AE57}.Debug|Any CPU.Build.0 = Debug|Any CPU
		{44C32A28-DDC7-48E5-9343-2B7EC4A1AE57}.Release|Any CPU.ActiveCfg = Release|Any CPU
		{44C32A28-DDC7-48E5-9343-2B7EC4A1AE57}.Release|Any CPU.Build.0 = Release|Any CPU
		{56EB3ED4-EC9F-4E01-B914-208E6E737B29}.Debug|Any CPU.ActiveCfg = Debug|Any CPU
		{56EB3ED4-EC9F-4E01-B914-208E6E737B29}.Debug|Any CPU.Build.0 = Debug|Any CPU
		{56EB3ED4-EC9F-4E01-B914-208E6E737B29}.Release|Any CPU.ActiveCfg = Release|Any CPU
		{56EB3ED4-EC9F-4E01-B914-208E6E737B29}.Release|Any CPU.Build.0 = Release|Any CPU
		{0B304659-E88C-4DCB-9D18-81380337E2AD}.Debug|Any CPU.ActiveCfg = Debug|Any CPU
		{0B304659-E88C-4DCB-9D18-81380337E2AD}.Debug|Any CPU.Build.0 = Debug|Any CPU
		{0B304659-E88C-4DCB-9D18-81380337E2AD}.Release|Any CPU.ActiveCfg = Release|Any CPU
		{0B304659-E88C-4DCB-9D18-81380337E2AD}.Release|Any CPU.Build.0 = Release|Any CPU
		{1E277794-7629-4630-9F21-B0F555CFB243}.Debug|Any CPU.ActiveCfg = Debug|Any CPU
		{1E277794-7629-4630-9F21-B0F555CFB243}.Debug|Any CPU.Build.0 = Debug|Any CPU
		{1E277794-7629-4630-9F21-B0F555CFB243}.Release|Any CPU.ActiveCfg = Release|Any CPU
		{1E277794-7629-4630-9F21-B0F555CFB243}.Release|Any CPU.Build.0 = Release|Any CPU
		{44D28F10-A6F2-408B-AA98-CF101A5F42B9}.Debug|Any CPU.ActiveCfg = Debug|Any CPU
		{44D28F10-A6F2-408B-AA98-CF101A5F42B9}.Debug|Any CPU.Build.0 = Debug|Any CPU
		{44D28F10-A6F2-408B-AA98-CF101A5F42B9}.Release|Any CPU.ActiveCfg = Release|Any CPU
		{44D28F10-A6F2-408B-AA98-CF101A5F42B9}.Release|Any CPU.Build.0 = Release|Any CPU
		{64C37151-AEF4-4EE3-A65F-D663E86AF07E}.Debug|Any CPU.ActiveCfg = Debug|Any CPU
		{64C37151-AEF4-4EE3-A65F-D663E86AF07E}.Debug|Any CPU.Build.0 = Debug|Any CPU
		{64C37151-AEF4-4EE3-A65F-D663E86AF07E}.Release|Any CPU.ActiveCfg = Release|Any CPU
		{64C37151-AEF4-4EE3-A65F-D663E86AF07E}.Release|Any CPU.Build.0 = Release|Any CPU
		{647E047E-5DF0-46A6-98CB-6D3132457322}.Debug|Any CPU.ActiveCfg = Debug|Any CPU
		{647E047E-5DF0-46A6-98CB-6D3132457322}.Debug|Any CPU.Build.0 = Debug|Any CPU
		{647E047E-5DF0-46A6-98CB-6D3132457322}.Release|Any CPU.ActiveCfg = Release|Any CPU
		{647E047E-5DF0-46A6-98CB-6D3132457322}.Release|Any CPU.Build.0 = Release|Any CPU
		{61BA7A0E-2472-4041-97EA-247590D7142D}.Debug|Any CPU.ActiveCfg = Debug|Any CPU
		{61BA7A0E-2472-4041-97EA-247590D7142D}.Debug|Any CPU.Build.0 = Debug|Any CPU
		{61BA7A0E-2472-4041-97EA-247590D7142D}.Release|Any CPU.ActiveCfg = Release|Any CPU
		{61BA7A0E-2472-4041-97EA-247590D7142D}.Release|Any CPU.Build.0 = Release|Any CPU
		{DC75D4E8-AC64-4A45-B195-B62EB3B2B296}.Debug|Any CPU.ActiveCfg = Debug|Any CPU
		{DC75D4E8-AC64-4A45-B195-B62EB3B2B296}.Debug|Any CPU.Build.0 = Debug|Any CPU
		{DC75D4E8-AC64-4A45-B195-B62EB3B2B296}.Release|Any CPU.ActiveCfg = Release|Any CPU
		{DC75D4E8-AC64-4A45-B195-B62EB3B2B296}.Release|Any CPU.Build.0 = Release|Any CPU
		{D4869BC3-41B6-4AC9-92D9-6ECCCFDC48EA}.Debug|Any CPU.ActiveCfg = Debug|Any CPU
		{D4869BC3-41B6-4AC9-92D9-6ECCCFDC48EA}.Debug|Any CPU.Build.0 = Debug|Any CPU
		{D4869BC3-41B6-4AC9-92D9-6ECCCFDC48EA}.Release|Any CPU.ActiveCfg = Release|Any CPU
		{D4869BC3-41B6-4AC9-92D9-6ECCCFDC48EA}.Release|Any CPU.Build.0 = Release|Any CPU
		{7C64476C-A135-4A54-BB1E-63B2ED1BA62D}.Debug|Any CPU.ActiveCfg = Debug|Any CPU
		{7C64476C-A135-4A54-BB1E-63B2ED1BA62D}.Debug|Any CPU.Build.0 = Debug|Any CPU
		{7C64476C-A135-4A54-BB1E-63B2ED1BA62D}.Release|Any CPU.ActiveCfg = Release|Any CPU
		{7C64476C-A135-4A54-BB1E-63B2ED1BA62D}.Release|Any CPU.Build.0 = Release|Any CPU
		{138B9E4C-8138-4E4F-9C1C-03C40E25DD72}.Debug|Any CPU.ActiveCfg = Debug|Any CPU
		{138B9E4C-8138-4E4F-9C1C-03C40E25DD72}.Debug|Any CPU.Build.0 = Debug|Any CPU
		{138B9E4C-8138-4E4F-9C1C-03C40E25DD72}.Release|Any CPU.ActiveCfg = Release|Any CPU
		{138B9E4C-8138-4E4F-9C1C-03C40E25DD72}.Release|Any CPU.Build.0 = Release|Any CPU
		{6DB3DBAF-5EA7-4DE5-BE8F-D8C8D0F6D65C}.Debug|Any CPU.ActiveCfg = Debug|Any CPU
		{6DB3DBAF-5EA7-4DE5-BE8F-D8C8D0F6D65C}.Debug|Any CPU.Build.0 = Debug|Any CPU
		{6DB3DBAF-5EA7-4DE5-BE8F-D8C8D0F6D65C}.Release|Any CPU.ActiveCfg = Release|Any CPU
		{6DB3DBAF-5EA7-4DE5-BE8F-D8C8D0F6D65C}.Release|Any CPU.Build.0 = Release|Any CPU
		{2A7F017B-2F46-47BC-8F27-A07BE38BE496}.Debug|Any CPU.ActiveCfg = Debug|Any CPU
		{2A7F017B-2F46-47BC-8F27-A07BE38BE496}.Debug|Any CPU.Build.0 = Debug|Any CPU
		{2A7F017B-2F46-47BC-8F27-A07BE38BE496}.Release|Any CPU.ActiveCfg = Release|Any CPU
		{2A7F017B-2F46-47BC-8F27-A07BE38BE496}.Release|Any CPU.Build.0 = Release|Any CPU
	EndGlobalSection
	GlobalSection(NestedProjects) = preSolution
		{F85AD079-4D13-44F1-9791-919FA6670793} = {08FFC4EA-69B9-4C22-8CC5-A03A788A9AC4}
		{2DBBE981-B822-44A9-BF75-88F8D94775FB} = {08FFC4EA-69B9-4C22-8CC5-A03A788A9AC4}
		{3D1D82EB-4E0A-48D0-8B3C-F831220E4C63} = {08FFC4EA-69B9-4C22-8CC5-A03A788A9AC4}
		{B0D808FF-057A-4FF2-82B4-5B44FC4288B3} = {08FFC4EA-69B9-4C22-8CC5-A03A788A9AC4}
		{FF9F41EF-20FD-4DDB-8834-0A5BE0514C77} = {08FFC4EA-69B9-4C22-8CC5-A03A788A9AC4}
		{44C32A28-DDC7-48E5-9343-2B7EC4A1AE57} = {08FFC4EA-69B9-4C22-8CC5-A03A788A9AC4}
		{56EB3ED4-EC9F-4E01-B914-208E6E737B29} = {08FFC4EA-69B9-4C22-8CC5-A03A788A9AC4}
		{0B304659-E88C-4DCB-9D18-81380337E2AD} = {08FFC4EA-69B9-4C22-8CC5-A03A788A9AC4}
		{1E277794-7629-4630-9F21-B0F555CFB243} = {08FFC4EA-69B9-4C22-8CC5-A03A788A9AC4}
		{44D28F10-A6F2-408B-AA98-CF101A5F42B9} = {08FFC4EA-69B9-4C22-8CC5-A03A788A9AC4}
		{64C37151-AEF4-4EE3-A65F-D663E86AF07E} = {08FFC4EA-69B9-4C22-8CC5-A03A788A9AC4}
		{647E047E-5DF0-46A6-98CB-6D3132457322} = {08FFC4EA-69B9-4C22-8CC5-A03A788A9AC4}
		{61BA7A0E-2472-4041-97EA-247590D7142D} = {08FFC4EA-69B9-4C22-8CC5-A03A788A9AC4}
		{DC75D4E8-AC64-4A45-B195-B62EB3B2B296} = {08FFC4EA-69B9-4C22-8CC5-A03A788A9AC4}
		{D4869BC3-41B6-4AC9-92D9-6ECCCFDC48EA} = {08FFC4EA-69B9-4C22-8CC5-A03A788A9AC4}
		{7C64476C-A135-4A54-BB1E-63B2ED1BA62D} = {08FFC4EA-69B9-4C22-8CC5-A03A788A9AC4}
		{138B9E4C-8138-4E4F-9C1C-03C40E25DD72} = {871F846E-2E0E-42B5-868A-EF7398F0C09D}
		{6DB3DBAF-5EA7-4DE5-BE8F-D8C8D0F6D65C} = {871F846E-2E0E-42B5-868A-EF7398F0C09D}
		{2A7F017B-2F46-47BC-8F27-A07BE38BE496} = {871F846E-2E0E-42B5-868A-EF7398F0C09D}
	EndGlobalSection
EndGlobal
